
Microsoft Visual Studio Solution File, Format Version 12.00
# Visual Studio 15
VisualStudioVersion = 15.0.27703.2042
MinimumVisualStudioVersion = 10.0.40219.1
Project("{FAE04EC0-301F-11D3-BF4B-00C04F79EFBC}") = "WebShopReact", "WebShopReact\WebShopReact.csproj", "{B9B7CEAC-CADD-4DCC-8186-AC867379D1D2}"
EndProject
Global
	GlobalSection(SolutionConfigurationPlatforms) = preSolution
		Debug|Any CPU = Debug|Any CPU
		Release|Any CPU = Release|Any CPU
	EndGlobalSection
	GlobalSection(ProjectConfigurationPlatforms) = postSolution
		{B9B7CEAC-CADD-4DCC-8186-AC867379D1D2}.Debug|Any CPU.ActiveCfg = Debug|Any CPU
		{B9B7CEAC-CADD-4DCC-8186-AC867379D1D2}.Debug|Any CPU.Build.0 = Debug|Any CPU
		{B9B7CEAC-CADD-4DCC-8186-AC867379D1D2}.Release|Any CPU.ActiveCfg = Release|Any CPU
		{B9B7CEAC-CADD-4DCC-8186-AC867379D1D2}.Release|Any CPU.Build.0 = Release|Any CPU
	EndGlobalSection
	GlobalSection(SolutionProperties) = preSolution
		HideSolutionNode = FALSE
	EndGlobalSection
	GlobalSection(ExtensibilityGlobals) = postSolution
		SolutionGuid = {5585A966-86D0-4D2F-8732-4E5917CBD8B2}
	EndGlobalSection
EndGlobal
